
Microsoft Visual Studio Solution File, Format Version 12.00
# Visual Studio Version 17
VisualStudioVersion = 17.5.33402.96
MinimumVisualStudioVersion = 10.0.40219.1
Project("{FAE04EC0-301F-11D3-BF4B-00C04F79EFBC}") = "SqlServerMultipleCascade", "SqlServerMultipleCascade\SqlServerMultipleCascade.csproj", "{EAA6FC40-FB8C-4E8B-9362-BC64FA26E297}"
EndProject
Global
	GlobalSection(SolutionConfigurationPlatforms) = preSolution
		Debug|Any CPU = Debug|Any CPU
		Release|Any CPU = Release|Any CPU
	EndGlobalSection
	GlobalSection(ProjectConfigurationPlatforms) = postSolution
		{EAA6FC40-FB8C-4E8B-9362-BC64FA26E297}.Debug|Any CPU.ActiveCfg = Debug|Any CPU
		{EAA6FC40-FB8C-4E8B-9362-BC64FA26E297}.Debug|Any CPU.Build.0 = Debug|Any CPU
		{EAA6FC40-FB8C-4E8B-9362-BC64FA26E297}.Release|Any CPU.ActiveCfg = Release|Any CPU
		{EAA6FC40-FB8C-4E8B-9362-BC64FA26E297}.Release|Any CPU.Build.0 = Release|Any CPU
	EndGlobalSection
	GlobalSection(SolutionProperties) = preSolution
		HideSolutionNode = FALSE
	EndGlobalSection
	GlobalSection(ExtensibilityGlobals) = postSolution
		SolutionGuid = {B6D92245-5FA2-4014-94BE-CBC9818EDE3F}
	EndGlobalSection
EndGlobal
